
Microsoft Visual Studio Solution File, Format Version 12.00
# Visual Studio Version 17
VisualStudioVersion = 17.3.32825.248
MinimumVisualStudioVersion = 10.0.40219.1
Project("{FAE04EC0-301F-11D3-BF4B-00C04F79EFBC}") = "ChessBoardGUI", "ChessBoardGUI\ChessBoardGUI.csproj", "{A99B0562-C8BD-41DF-A971-10C1A0306983}"
EndProject
Project("{FAE04EC0-301F-11D3-BF4B-00C04F79EFBC}") = "ChessBoardModel2", "ChessBoardModel2\ChessBoardModel2.csproj", "{0E441AE2-A047-4D01-ADF0-4B5FFF41E991}"
EndProject
Global
	GlobalSection(SolutionConfigurationPlatforms) = preSolution
		Debug|Any CPU = Debug|Any CPU
		Release|Any CPU = Release|Any CPU
	EndGlobalSection
	GlobalSection(ProjectConfigurationPlatforms) = postSolution
		{A99B0562-C8BD-41DF-A971-10C1A0306983}.Debug|Any CPU.ActiveCfg = Debug|Any CPU
		{A99B0562-C8BD-41DF-A971-10C1A0306983}.Debug|Any CPU.Build.0 = Debug|Any CPU
		{A99B0562-C8BD-41DF-A971-10C1A0306983}.Release|Any CPU.ActiveCfg = Release|Any CPU
		{A99B0562-C8BD-41DF-A971-10C1A0306983}.Release|Any CPU.Build.0 = Release|Any CPU
		{0E441AE2-A047-4D01-ADF0-4B5FFF41E991}.Debug|Any CPU.ActiveCfg = Debug|Any CPU
		{0E441AE2-A047-4D01-ADF0-4B5FFF41E991}.Debug|Any CPU.Build.0 = Debug|Any CPU
		{0E441AE2-A047-4D01-ADF0-4B5FFF41E991}.Release|Any CPU.ActiveCfg = Release|Any CPU
		{0E441AE2-A047-4D01-ADF0-4B5FFF41E991}.Release|Any CPU.Build.0 = Release|Any CPU
	EndGlobalSection
	GlobalSection(SolutionProperties) = preSolution
		HideSolutionNode = FALSE
	EndGlobalSection
	GlobalSection(ExtensibilityGlobals) = postSolution
		SolutionGuid = {96B624BF-50B8-4E92-A83C-FB320077301A}
	EndGlobalSection
EndGlobal
